github.com/google/uuid v1.6.0 h1:NIvaJDMOsjHA8n1jAhLSgzrAzy1Hgr+hNrb57e+94F0=
github.com/google/uuid v1.6.0/go.mod h1:TIyPZe4MgqvfeYDBFedMoGGpEw/LqOeaOT+nhxU+yHo=
github.com/hev/freeplay-go v0.1.0 h1:Hy5/5ynsbef2p1HiQsNaT1x5lQxIgRvY+ZfkBbkct/w=
github.com/hev/freeplay-go v0.1.0/go.mod h1:KvI6fKSOUX8kSg3b+lVNl1YwnrB/nSWgjj192ZXR/xY=
